{
  "version": 1,
  "dependencies": {
    "net10.0": {
      "Microsoft.NET.Test.Sdk": {
        "type": "Direct",
        "requested": "[18.3.0, )",
        "resolved": "18.3.0",
        "contentHash": "xW3kXuWRQtgoxJp4J+gdhHSQyK+6Wb/AZDSd7lMvuMRYlZ1tnpkojyfZlWilB5G4dmZ0Y0ZxU/M23TlubndNkw==",
        "dependencies": {
          "Microsoft.CodeCoverage": "18.3.0",
          "Microsoft.TestPlatform.TestHost": "18.3.0"
        }
      },
      "NUnit": {
        "type": "Direct",
        "requested": "[4.5.0, )",
        "resolved": "4.5.0",
        "contentHash": "3AXYqXoll1CnWA+fNqMQemJO5qofh2r75bdrPyJqjCRCcZpwuCAgUnHxG1wKEbrGjtobrWWbwVrDhYcXcxRkjw=="
      },
      "NUnit3TestAdapter": {
        "type": "Direct",
        "requested": "[6.1.0, )",
        "resolved": "6.1.0",
        "contentHash": "H4zRIkiGyPa7RpApzXwan5vpZzu4ZDIzuKNlHFiDjOt5Irq4Y5j8r1SA7Oeo0yFCUyfiY7Jy2DTl8RnFZwpKNA==",
        "dependencies": {
          "Microsoft.Testing.Extensions.VSTestBridge": "2.0.2",
          "Microsoft.Testing.Platform.MSBuild": "2.0.2"
        }
      },
      "Autofac": {
        "type": "Transitive",
        "resolved": "8.1.0",
        "contentHash": "O2QT+0DSTBR2Ojpacmcj3L0KrnnXTFrwLl/OW1lBUDiHhb89msHEHNhTA8AlK3jdFiAfMbAYyQaJVvRe6oSBcQ=="
      },
      "Autofac.Extensions.DependencyInjection": {
        "type": "Transitive",
        "resolved": "10.0.0",
        "contentHash": "ZjR/onUlP7BzQ7VBBigQepWLAyAzi3VRGX3pP6sBqkPRiT61fsTZqbTpRUKxo30TMgbs1o3y6bpLbETix4SJog==",
        "dependencies": {
          "Autofac": "8.1.0",
          "Microsoft.Extensions.DependencyInjection.Abstractions": "8.0.1"
        }
      },
      "LigerShark.WebOptimizer.Core": {
        "type": "Transitive",
        "resolved": "3.0.477",
        "contentHash": "md8zBJMIur8Hnb5jn7krSfe9I0BZUGqCxwh2A5Y1MTR7wtY6v9gYuyW5EFNCYzQCvaaAZxlTynUk8ZsIsrBXsg==",
        "dependencies": {
          "NUglify": "1.21.15"
        }
      },
      "Microsoft.ApplicationInsights": {
        "type": "Transitive",
        "resolved": "2.23.0",
        "contentHash": "nWArUZTdU7iqZLycLKWe0TDms48KKGE6pONH2terYNa8REXiqixrMOkf1sk5DHGMaUTqONU2YkS4SAXBhLStgw=="
      },
      "Microsoft.CodeCoverage": {
        "type": "Transitive",
        "resolved": "18.3.0",
        "contentHash": "23BNy/vziREC20Wwhb50K7+kZe0m07KlLWDQv4qjJ9tt3QjpDpDIqJFrhYHmMEo9xDkuSp55U/8h4bMF7MiB+g=="
      },
      "Microsoft.Extensions.Configuration.Abstractions": {
        "type": "Transitive",
        "resolved": "10.0.0",
        "contentHash": "d2kDKnCsJvY7mBVhcjPSp9BkJk48DsaHPg5u+Oy4f8XaOqnEedRy/USyvnpHL92wpJ6DrTPy7htppUUzskbCXQ==",
        "dependencies": {
          "Microsoft.Extensions.Primitives": "10.0.0"
        }
      },
      "Microsoft.Extensions.DependencyInjection": {
        "type": "Transitive",
        "resolved": "10.0.0",
        "contentHash": "f0RBabswJq+gRu5a+hWIobrLWiUYPKMhCD9WO3sYBAdSy3FFH14LMvLVFZc2kPSCimBLxSuitUhsd6tb0TAY6A==",
        "dependencies": {
          "Microsoft.Extensions.DependencyInjection.Abstractions": "10.0.0"
        }
      },
      "Microsoft.Extensions.DependencyInjection.Abstractions": {
        "type": "Transitive",
        "resolved": "10.0.0",
        "contentHash": "L3AdmZ1WOK4XXT5YFPEwyt0ep6l8lGIPs7F5OOBZc77Zqeo01Of7XXICy47628sdVl0v/owxYJTe86DTgFwKCA=="
      },
      "Microsoft.Extensions.Logging": {
        "type": "Transitive",
        "resolved": "10.0.0",
        "contentHash": "BStFkd5CcnEtarlcgYDBcFzGYCuuNMzPs02wN3WBsOFoYIEmYoUdAiU+au6opzoqfTYJsMTW00AeqDdnXH2CvA==",
        "dependencies": {
          "Microsoft.Extensions.DependencyInjection": "10.0.0",
          "Microsoft.Extensions.Logging.Abstractions": "10.0.0",
          "Microsoft.Extensions.Options": "10.0.0"
        }
      },
      "Microsoft.Extensions.Logging.Abstractions": {
        "type": "Transitive",
        "resolved": "10.0.0",
        "contentHash": "FU/IfjDfwaMuKr414SSQNTIti/69bHEMb+QKrskRb26oVqpx3lNFXMjs/RC9ZUuhBhcwDM2BwOgoMw+PZ+beqQ==",
        "dependencies": {
          "Microsoft.Extensions.DependencyInjection.Abstractions": "10.0.0"
        }
      },
      "Microsoft.Extensions.Options": {
        "type": "Transitive",
        "resolved": "10.0.0",
        "contentHash": "8oCAgXOow5XDrY9HaXX1QmH3ORsyZO/ANVHBlhLyCeWTH5Sg4UuqZeOTWJi6484M+LqSx0RqQXDJtdYy2BNiLQ==",
        "dependencies": {
          "Microsoft.Extensions.DependencyInjection.Abstractions": "10.0.0",
          "Microsoft.Extensions.Primitives": "10.0.0"
        }
      },
      "Microsoft.Extensions.Primitives": {
        "type": "Transitive",
        "resolved": "10.0.0",
        "contentHash": "inRnbpCS0nwO/RuoZIAqxQUuyjaknOOnCEZB55KSMMjRhl0RQDttSmLSGsUJN3RQ3ocf5NDLFd2mOQViHqMK5w=="
      },
      "Microsoft.Testing.Extensions.Telemetry": {
        "type": "Transitive",
        "resolved": "2.0.2",
        "contentHash": "H580BvHyuADoWzlH9zRk5fqVyGucm6mhph+k40CQc9O4ie+Buxa4Pk9Q92BEClqIICqi25J7fuMII9qFYYgKtw==",
        "dependencies": {
          "Microsoft.ApplicationInsights": "2.23.0",
          "Microsoft.Testing.Platform": "2.0.2"
        }
      },
      "Microsoft.Testing.Extensions.TrxReport.Abstractions": {
        "type": "Transitive",
        "resolved": "2.0.2",
        "contentHash": "MrHYdPZ1CiyYp5bfjzNSghfVwl/I9osMazcZMAbwZY0BhR32i70YLf4zSXECvU2qt2PvDdrjYpGRgBscFbjDpw==",
        "dependencies": {
          "Microsoft.Testing.Platform": "2.0.2"
        }
      },
      "Microsoft.Testing.Extensions.VSTestBridge": {
        "type": "Transitive",
        "resolved": "2.0.2",
        "contentHash": "6WSUZyv71NmF1bhFWpNht2bskVWL/5Lcu9qxDUnnboYRiujh9w4swn/cPSbVCSGXwyMq9uKRlI9zZ+ReBO8e+Q==",
        "dependencies": {
          "Microsoft.TestPlatform.AdapterUtilities": "18.0.1",
          "Microsoft.TestPlatform.ObjectModel": "18.0.1",
          "Microsoft.Testing.Extensions.Telemetry": "2.0.2",
          "Microsoft.Testing.Extensions.TrxReport.Abstractions": "2.0.2",
          "Microsoft.Testing.Platform": "2.0.2"
        }
      },
      "Microsoft.Testing.Platform": {
        "type": "Transitive",
        "resolved": "2.0.2",
        "contentHash": "43NCOTEENtdc9fmlzX9KHQR14AZEYek5r4jOJlWPhTyV1+aYAQYl4x773nYXU5TKxV6+rMuniJ7wcj9C9qrP1A=="
      },
      "Microsoft.Testing.Platform.MSBuild": {
        "type": "Transitive",
        "resolved": "2.0.2",
        "contentHash": "2zKkQKaUoaKgb/3AekboWOdLMh4upCo1nLWQnjGzp8r9YjiNOZRrzTsJQ3A4U03AcbH0evlIvFDKYSUqmTVuug==",
        "dependencies": {
          "Microsoft.Testing.Platform": "2.0.2"
        }
      },
      "Microsoft.TestPlatform.AdapterUtilities": {
        "type": "Transitive",
        "resolved": "18.0.1",
        "contentHash": "gXIugDKnACB8p93+9dFnMdE7vvs0ZrjjDltdGC4VylbKK7gPegWYASGjryVkIDvFr56Ulx4UDIKsB71qYHJBWg=="
      },
      "Microsoft.TestPlatform.ObjectModel": {
        "type": "Transitive",
        "resolved": "18.3.0",
        "contentHash": "AEIEX2aWdPO9XbtR96eBaJxmXRD9vaI9uQ1T/JbPEKlTAZwYx0ZrMzKyULMdh/HH9Sg03kXCoN7LszQ90o6nPQ=="
      },
      "Microsoft.TestPlatform.TestHost": {
        "type": "Transitive",
        "resolved": "18.3.0",
        "contentHash": "twmsoelXnp1uWMU3VGip9f0Jr1mZ0PZqgJdF35CIrdYgYrkHIJMV1m8uKyhcdjLdsQDESHAgkR7KhS9i1qpJag==",
        "dependencies": {
          "Microsoft.TestPlatform.ObjectModel": "18.3.0",
          "Newtonsoft.Json": "13.0.3"
        }
      },
      "Microsoft.VisualStudio.Azure.Containers.Tools.Targets": {
        "type": "Transitive",
        "resolved": "1.23.0",
        "contentHash": "2wDnb4umupJZ/1ikgWozFVpggH1mlHQFc0odXVv2ZagL3RYwXgW9zmC15fiqIBzmaC0vLZUnLGwDY+p8ZR7Syw=="
      },
      "Newtonsoft.Json": {
        "type": "Transitive",
        "resolved": "13.0.4",
        "contentHash": "pdgNNMai3zv51W5aq268sujXUyx7SNdE2bj1wZcWjAQrKMFZV260lbqYop1d2GM67JI1huLRwxo9ZqnfF/lC6A=="
      },
      "NLog": {
        "type": "Transitive",
        "resolved": "6.1.0",
        "contentHash": "K4UdxS4fuJeCM0sm+JTXWoJgOtcXX7X5kvE94bR07UB8JOB6A2+ski7q1tf2qdv+N0H3gsoWtteScJCHa3+zpw=="
      },
      "NLog.Extensions.Logging": {
        "type": "Transitive",
        "resolved": "6.1.1",
        "contentHash": "vSPYZGV77KRfDJP+V05OGRhKApfAtL9DyILdB5WDcWzBkx64AYjYnG1lf/kE2FS++6HdHhPtSCUJTSYOVQJNTg==",
        "dependencies": {
          "Microsoft.Extensions.Configuration.Abstractions": "10.0.0",
          "Microsoft.Extensions.Logging": "10.0.0",
          "NLog": "6.1.0"
        }
      },
      "NLog.Targets.Syslog": {
        "type": "Transitive",
        "resolved": "7.0.0",
        "contentHash": "yYiir0SbZsWmFokvugeyikO4YBhoFzDaVW5bEDrCaS1xQVRs+WMDjdAB5eUjIXpwoUnMP88fMPYhvrIi0LoDlA==",
        "dependencies": {
          "NLog": "5.0.0",
          "Polly.Contrib.WaitAndRetry": "1.1.1"
        }
      },
      "NLog.Web.AspNetCore": {
        "type": "Transitive",
        "resolved": "6.1.1",
        "contentHash": "N6WM+l5qjd/JtyC/zqdy1rUCyxjyBl0gWtXOCpP+C4nbNwBty1ao4ZqrNv/GYh2IUS4M7jHgBU5gOUfAVCzAew==",
        "dependencies": {
          "NLog.Extensions.Logging": "6.1.1"
        }
      },
      "NUglify": {
        "type": "Transitive",
        "resolved": "1.21.15",
        "contentHash": "Vxwg0EjbM/gmILPtzfmzlf0MDu9a17OQb8b57oTgoHoRsZNHWIFQFa00Izcvuam3Hbw2eH272TfczDRHSXgSlA=="
      },
      "Octopus.OpenFeature": {
        "type": "Transitive",
        "resolved": "2.0.0",
        "contentHash": "SFOpEmpwkkseBCArnIdos37XnjWz1uZZc0rzHArsvQf0pJsvv2Je184JL5ZGHU/NAErztKeSHcqJ6TpgwU55Pw==",
        "dependencies": {
          "OpenFeature": "2.11.1"
        }
      },
      "OpenFeature": {
        "type": "Transitive",
        "resolved": "2.11.1",
        "contentHash": "cxm8fgi5I2UPguBK7TQgvSn5X/1KWI9ImpSjIL8EvTNVrK4c2d9a+r+EUEIED0cXJ2kWB01zInJ4ZOBoGIqysw==",
        "dependencies": {
          "Microsoft.Extensions.Logging.Abstractions": "10.0.0"
        }
      },
      "OpenFeature.Contrib.Providers.EnvVar": {
        "type": "Transitive",
        "resolved": "0.0.7",
        "contentHash": "1zhPsni15bMpPkBI7EMzeApDxIqXhGp0tQm9IumH+aEWLva7TthLPsBwpbdkN0DdAMOg80XmXkhCJi34neqjhQ==",
        "dependencies": {
          "OpenFeature": "[2.0.0, 3.0.0)"
        }
      },
      "Polly.Contrib.WaitAndRetry": {
        "type": "Transitive",
        "resolved": "1.1.1",
        "contentHash": "1MUQLiSo4KDkQe6nzQRhIU05lm9jlexX5BVsbuw0SL82ynZ+GzAHQxJVDPVBboxV37Po3SG077aX8DuSy8TkaA=="
      },
      "SumoLogic.Logging.Common": {
        "type": "Transitive",
        "resolved": "1.1.0",
        "contentHash": "kF0zfLLpNvJmqcJhCAcqnm1xM2RKMHSZpF+FAw49o9hI/R45JuwlPBFn8YQLURM6vvZx1hiYRfHhY39M9koN5A=="
      },
      "SumoLogic.Logging.NLog": {
        "type": "Transitive",
        "resolved": "1.1.0",
        "contentHash": "65gH03moyGQWhJ4Hj6x2vPA01bi4DE3mBB+aONMCbjq0FrGSozg+QzftRobZBEsO9CvKUCpiRtAT0i5xIfZoGg==",
        "dependencies": {
          "NLog": "4.5.11",
          "SumoLogic.Logging.Common": "1.1.0"
        }
      },
      "taka.web": {
        "type": "Project",
        "dependencies": {
          "Autofac.Extensions.DependencyInjection": "[10.0.0, )",
          "LigerShark.WebOptimizer.Core": "[3.0.477, )",
          "Microsoft.VisualStudio.Azure.Containers.Tools.Targets": "[1.23.0, )",
          "NLog.Extensions.Logging": "[6.1.1, )",
          "NLog.Targets.Syslog": "[7.0.0, )",
          "NLog.Web.AspNetCore": "[6.1.1, )",
          "Newtonsoft.Json": "[13.0.4, )",
          "Octopus.OpenFeature": "[2.0.0, )",
          "OpenFeature.Contrib.Providers.EnvVar": "[0.0.7, )",
          "SumoLogic.Logging.NLog": "[1.1.0, )"
        }
      }
    }
  }
}